
Microsoft Visual Studio Solution File, Format Version 12.00
# Visual Studio Version 16
VisualStudioVersion = 16.0.30804.86
MinimumVisualStudioVersion = 10.0.40219.1
Project("{FAE04EC0-301F-11D3-BF4B-00C04F79EFBC}") = "NeoGutenberg", "NeoGutenberg\NeoGutenberg.csproj", "{1BA691A2-8C07-4C8C-9BE0-9AB748446017}"
EndProject
Project("{FAE04EC0-301F-11D3-BF4B-00C04F79EFBC}") = "NegocioGutenberg", "NegocioGutenberg\NegocioGutenberg.csproj", "{8EE93BF2-1CB4-4B97-8458-8B041A723CB9}"
EndProject
Project("{FAE04EC0-301F-11D3-BF4B-00C04F79EFBC}") = "DatosGutenberg", "DatosGutenberg\DatosGutenberg.csproj", "{91E7DA54-66B8-47DE-B0ED-6BEAA2B60193}"
EndProject
Project("{FAE04EC0-301F-11D3-BF4B-00C04F79EFBC}") = "NGBackOffice", "NGBackOffice\NGBackOffice.csproj", "{EDCC0C0A-A96B-48CD-974C-377A214E33D7}"
EndProject
Project("{FAE04EC0-301F-11D3-BF4B-00C04F79EFBC}") = "NGApi", "NGApi\NGApi.csproj", "{F7AA75AB-C3A9-452C-BB68-0406E762632D}"
EndProject
Global
	GlobalSection(SolutionConfigurationPlatforms) = preSolution
		Debug|Any CPU = Debug|Any CPU
		Release|Any CPU = Release|Any CPU
	EndGlobalSection
	GlobalSection(ProjectConfigurationPlatforms) = postSolution
		{1BA691A2-8C07-4C8C-9BE0-9AB748446017}.Debug|Any CPU.ActiveCfg = Debug|Any CPU
		{1BA691A2-8C07-4C8C-9BE0-9AB748446017}.Debug|Any CPU.Build.0 = Debug|Any CPU
		{1BA691A2-8C07-4C8C-9BE0-9AB748446017}.Release|Any CPU.ActiveCfg = Release|Any CPU
		{1BA691A2-8C07-4C8C-9BE0-9AB748446017}.Release|Any CPU.Build.0 = Release|Any CPU
		{8EE93BF2-1CB4-4B97-8458-8B041A723CB9}.Debug|Any CPU.ActiveCfg = Debug|Any CPU
		{8EE93BF2-1CB4-4B97-8458-8B041A723CB9}.Debug|Any CPU.Build.0 = Debug|Any CPU
		{8EE93BF2-1CB4-4B97-8458-8B041A723CB9}.Release|Any CPU.ActiveCfg = Release|Any CPU
		{8EE93BF2-1CB4-4B97-8458-8B041A723CB9}.Release|Any CPU.Build.0 = Release|Any CPU
		{91E7DA54-66B8-47DE-B0ED-6BEAA2B60193}.Debug|Any CPU.ActiveCfg = Debug|Any CPU
		{91E7DA54-66B8-47DE-B0ED-6BEAA2B60193}.Debug|Any CPU.Build.0 = Debug|Any CPU
		{91E7DA54-66B8-47DE-B0ED-6BEAA2B60193}.Release|Any CPU.ActiveCfg = Release|Any CPU
		{91E7DA54-66B8-47DE-B0ED-6BEAA2B60193}.Release|Any CPU.Build.0 = Release|Any CPU
		{EDCC0C0A-A96B-48CD-974C-377A214E33D7}.Debug|Any CPU.ActiveCfg = Debug|Any CPU
		{EDCC0C0A-A96B-48CD-974C-377A214E33D7}.Debug|Any CPU.Build.0 = Debug|Any CPU
		{EDCC0C0A-A96B-48CD-974C-377A214E33D7}.Release|Any CPU.ActiveCfg = Release|Any CPU
		{EDCC0C0A-A96B-48CD-974C-377A214E33D7}.Release|Any CPU.Build.0 = Release|Any CPU
		{F7AA75AB-C3A9-452C-BB68-0406E762632D}.Debug|Any CPU.ActiveCfg = Debug|Any CPU
		{F7AA75AB-C3A9-452C-BB68-0406E762632D}.Debug|Any CPU.Build.0 = Debug|Any CPU
		{F7AA75AB-C3A9-452C-BB68-0406E762632D}.Release|Any CPU.ActiveCfg = Release|Any CPU
		{F7AA75AB-C3A9-452C-BB68-0406E762632D}.Release|Any CPU.Build.0 = Release|Any CPU
	EndGlobalSection
	GlobalSection(SolutionProperties) = preSolution
		HideSolutionNode = FALSE
	EndGlobalSection
	GlobalSection(ExtensibilityGlobals) = postSolution
		SolutionGuid = {201979BC-DC3D-4AE0-9055-B33EA6BCF538}
	EndGlobalSection
EndGlobal
